
Microsoft Visual Studio Solution File, Format Version 12.00
# Visual Studio Version 17
VisualStudioVersion = 17.0.31903.59
MinimumVisualStudioVersion = 10.0.40219.1
Project("{2150E333-8FDC-42A3-9474-1A3956D46DE8}") = "src", "src", "{92AC8D01-92A5-4552-91CC-0FAC533D0FAA}"
EndProject
Project("{FAE04EC0-301F-11D3-BF4B-00C04F79EFBC}") = "YACap.API", "src\YACap.API\YACap.API.csproj", "{45AD2E61-F37C-40D2-A8C0-B89218E2A469}"
EndProject
Global
	GlobalSection(SolutionConfigurationPlatforms) = preSolution
		Debug|Any CPU = Debug|Any CPU
		Release|Any CPU = Release|Any CPU
	EndGlobalSection
	GlobalSection(SolutionProperties) = preSolution
		HideSolutionNode = FALSE
	EndGlobalSection
	GlobalSection(ProjectConfigurationPlatforms) = postSolution
		{45AD2E61-F37C-40D2-A8C0-B89218E2A469}.Debug|Any CPU.ActiveCfg = Debug|Any CPU
		{45AD2E61-F37C-40D2-A8C0-B89218E2A469}.Debug|Any CPU.Build.0 = Debug|Any CPU
		{45AD2E61-F37C-40D2-A8C0-B89218E2A469}.Release|Any CPU.ActiveCfg = Release|Any CPU
		{45AD2E61-F37C-40D2-A8C0-B89218E2A469}.Release|Any CPU.Build.0 = Release|Any CPU
	EndGlobalSection
	GlobalSection(NestedProjects) = preSolution
		{45AD2E61-F37C-40D2-A8C0-B89218E2A469} = {92AC8D01-92A5-4552-91CC-0FAC533D0FAA}
	EndGlobalSection
EndGlobal
